
Microsoft Visual Studio Solution File, Format Version 12.00
# Visual Studio Version 17
VisualStudioVersion = 17.10.35027.167
MinimumVisualStudioVersion = 10.0.40219.1
Project("{FAE04EC0-301F-11D3-BF4B-00C04F79EFBC}") = "DeleteInverter", "DeleteInverter.csproj", "{9CE108D8-E3F6-496D-8241-C12F127AB043}"
EndProject
Global
	GlobalSection(SolutionConfigurationPlatforms) = preSolution
		Debug|ARM = Debug|ARM
		Debug|ARM64 = Debug|ARM64
		Debug|x64 = Debug|x64
		Debug|x86 = Debug|x86
		Release|ARM = Release|ARM
		Release|ARM64 = Release|ARM64
		Release|x64 = Release|x64
		Release|x86 = Release|x86
	EndGlobalSection
	GlobalSection(ProjectConfigurationPlatforms) = postSolution
		{9CE108D8-E3F6-496D-8241-C12F127AB043}.Debug|ARM.ActiveCfg = Debug|ARM
		{9CE108D8-E3F6-496D-8241-C12F127AB043}.Debug|ARM.Build.0 = Debug|ARM
		{9CE108D8-E3F6-496D-8241-C12F127AB043}.Debug|ARM.Deploy.0 = Debug|ARM
		{9CE108D8-E3F6-496D-8241-C12F127AB043}.Debug|ARM64.ActiveCfg = Debug|ARM64
		{9CE108D8-E3F6-496D-8241-C12F127AB043}.Debug|ARM64.Build.0 = Debug|ARM64
		{9CE108D8-E3F6-496D-8241-C12F127AB043}.Debug|ARM64.Deploy.0 = Debug|ARM64
		{9CE108D8-E3F6-496D-8241-C12F127AB043}.Debug|x64.ActiveCfg = Debug|x64
		{9CE108D8-E3F6-496D-8241-C12F127AB043}.Debug|x64.Build.0 = Debug|x64
		{9CE108D8-E3F6-496D-8241-C12F127AB043}.Debug|x64.Deploy.0 = Debug|x64
		{9CE108D8-E3F6-496D-8241-C12F127AB043}.Debug|x86.ActiveCfg = Debug|x86
		{9CE108D8-E3F6-496D-8241-C12F127AB043}.Debug|x86.Build.0 = Debug|x86
		{9CE108D8-E3F6-496D-8241-C12F127AB043}.Debug|x86.Deploy.0 = Debug|x86
		{9CE108D8-E3F6-496D-8241-C12F127AB043}.Release|ARM.ActiveCfg = Release|ARM
		{9CE108D8-E3F6-496D-8241-C12F127AB043}.Release|ARM.Build.0 = Release|ARM
		{9CE108D8-E3F6-496D-8241-C12F127AB043}.Release|ARM.Deploy.0 = Release|ARM
		{9CE108D8-E3F6-496D-8241-C12F127AB043}.Release|ARM64.ActiveCfg = Release|ARM64
		{9CE108D8-E3F6-496D-8241-C12F127AB043}.Release|ARM64.Build.0 = Release|ARM64
		{9CE108D8-E3F6-496D-8241-C12F127AB043}.Release|ARM64.Deploy.0 = Release|ARM64
		{9CE108D8-E3F6-496D-8241-C12F127AB043}.Release|x64.ActiveCfg = Release|x64
		{9CE108D8-E3F6-496D-8241-C12F127AB043}.Release|x64.Build.0 = Release|x64
		{9CE108D8-E3F6-496D-8241-C12F127AB043}.Release|x64.Deploy.0 = Release|x64
		{9CE108D8-E3F6-496D-8241-C12F127AB043}.Release|x86.ActiveCfg = Release|x86
		{9CE108D8-E3F6-496D-8241-C12F127AB043}.Release|x86.Build.0 = Release|x86
		{9CE108D8-E3F6-496D-8241-C12F127AB043}.Release|x86.Deploy.0 = Release|x86
	EndGlobalSection
	GlobalSection(SolutionProperties) = preSolution
		HideSolutionNode = FALSE
	EndGlobalSection
	GlobalSection(ExtensibilityGlobals) = postSolution
		SolutionGuid = {9FCBB99C-7638-48AE-83C2-21BB473AD8C7}
	EndGlobalSection
EndGlobal
